# generated by rye
# use `rye lock` or `rye sync` to update this lockfile
#
# last locked with the following flags:
#   pre: false
#   features: []
#   all-features: false
#   with-sources: false
#   generate-hashes: false
#   universal: false

-e file:.
asgiref==3.8.1
    # via django
django==5.0.7
    # via django-hyperview
    # via southshorett
django-hyperview==0.0.2
    # via southshorett
htpy==24.7.2
    # via southshorett
markupsafe==2.1.5
    # via htpy
sqlparse==0.5.1
    # via django
